PODS:
  - UIViewController+ChildControllers (1.0.0)

DEPENDENCIES:
  - UIViewController+ChildControllers (from `../`)

EXTERNAL SOURCES:
  UIViewController+ChildControllers:
    :path: ../

SPEC CHECKSUMS:
  UIViewController+ChildControllers: 533a6a4d9dd4cc2c00788fa4e7c14c2d391ae23a

COCOAPODS: 0.36.0.rc.1
